{
  "lockfile-version": 1,
  "manifest": {
    "version": 1,
    "install": {
      "just": {
        "pkg-path": "just"
      },
      "uv": {
        "pkg-path": "uv"
      }
    },
    "vars": {
      "UV_VENV_CLEAR": "1"
    },
    "hook": {
      "on-activate": "  # -> Set variables, create files and directories\n  # -> Perform initialization steps, e.g. create a python venv\n  # -> Useful environment variables:\n  #      - FLOX_ENV_PROJECT=/home/user/example\n  #      - FLOX_ENV=/home/user/example/.flox/run\n  #      - FLOX_ENV_CACHE=/home/user/example/.flox/cache\n\nuv venv\nsource \"${FLOX_ENV_PROJECT}/.venv/bin/activate\"\n"
    },
    "profile": {},
    "options": {
      "systems": [
        "aarch64-darwin",
        "aarch64-linux",
        "x86_64-darwin",
        "x86_64-linux"
      ]
    }
  },
  "packages": [
    {
      "attr_path": "just",
      "broken": false,
      "derivation": "/nix/store/6mjww5r2p7y2zkflqqymszd2s970qa2g-just-1.42.4.drv",
      "description": "Handy way to save and run project-specific commands",
      "install_id": "just",
      "license": "CC0-1.0",
      "locked_url": "https://github.com/flox/nixpkgs?rev=d7600c775f877cd87b4f5a831c28aa94137377aa",
      "name": "just-1.42.4",
      "pname": "just",
      "rev": "d7600c775f877cd87b4f5a831c28aa94137377aa",
      "rev_count": 854036,
      "rev_date": "2025-08-30T08:25:00Z",
      "scrape_date": "2025-08-31T03:28:53.932694Z",
      "stabilities": [
        "unstable"
      ],
      "unfree": false,
      "version": "1.42.4",
      "outputs_to_install": [
        "man",
        "out"
      ],
      "outputs": {
        "doc": "/nix/store/klxxc0zhxcqispvh2abcj4hdakx54mbc-just-1.42.4-doc",
        "man": "/nix/store/p0db19jxqx8bya45bx5bckp5bidjhp34-just-1.42.4-man",
        "out": "/nix/store/v1qkql9pcw7l3ywq3g4l664cxqry6agp-just-1.42.4"
      },
      "system": "aarch64-darwin",
      "group": "toplevel",
      "priority": 5
    },
    {
      "attr_path": "just",
      "broken": false,
      "derivation": "/nix/store/p0zbr8ah6y9zqi2fn978by4vj226vh2p-just-1.42.4.drv",
      "description": "Handy way to save and run project-specific commands",
      "install_id": "just",
      "license": "CC0-1.0",
      "locked_url": "https://github.com/flox/nixpkgs?rev=d7600c775f877cd87b4f5a831c28aa94137377aa",
      "name": "just-1.42.4",
      "pname": "just",
      "rev": "d7600c775f877cd87b4f5a831c28aa94137377aa",
      "rev_count": 854036,
      "rev_date": "2025-08-30T08:25:00Z",
      "scrape_date": "2025-08-31T03:37:19.295772Z",
      "stabilities": [
        "unstable"
      ],
      "unfree": false,
      "version": "1.42.4",
      "outputs_to_install": [
        "man",
        "out"
      ],
      "outputs": {
        "doc": "/nix/store/jlsyd7ssywc94mncbscnpingpx4v2bx1-just-1.42.4-doc",
        "man": "/nix/store/vs6qzb2kbs4q36ihvyqrs48ppiizsm61-just-1.42.4-man",
        "out": "/nix/store/kps5abz6mypy4q75mz7w27yjhidshq66-just-1.42.4"
      },
      "system": "aarch64-linux",
      "group": "toplevel",
      "priority": 5
    },
    {
      "attr_path": "just",
      "broken": false,
      "derivation": "/nix/store/20msb19cffdgsdxvc39cm3iasrg589b2-just-1.42.4.drv",
      "description": "Handy way to save and run project-specific commands",
      "install_id": "just",
      "license": "CC0-1.0",
      "locked_url": "https://github.com/flox/nixpkgs?rev=d7600c775f877cd87b4f5a831c28aa94137377aa",
      "name": "just-1.42.4",
      "pname": "just",
      "rev": "d7600c775f877cd87b4f5a831c28aa94137377aa",
      "rev_count": 854036,
      "rev_date": "2025-08-30T08:25:00Z",
      "scrape_date": "2025-08-31T03:45:27.025996Z",
      "stabilities": [
        "unstable"
      ],
      "unfree": false,
      "version": "1.42.4",
      "outputs_to_install": [
        "man",
        "out"
      ],
      "outputs": {
        "doc": "/nix/store/yszimvs4a58vkjsmkrnn40bqw6vcx510-just-1.42.4-doc",
        "man": "/nix/store/xaaq1qigagsrq12gbs1bs7l0924zb4li-just-1.42.4-man",
        "out": "/nix/store/qcr5qp9b1qxvch1g7mhhiii4iy8a6936-just-1.42.4"
      },
      "system": "x86_64-darwin",
      "group": "toplevel",
      "priority": 5
    },
    {
      "attr_path": "just",
      "broken": false,
      "derivation": "/nix/store/f1byb9lx16980aidr9bxm2jdavhbymqv-just-1.42.4.drv",
      "description": "Handy way to save and run project-specific commands",
      "install_id": "just",
      "license": "CC0-1.0",
      "locked_url": "https://github.com/flox/nixpkgs?rev=d7600c775f877cd87b4f5a831c28aa94137377aa",
      "name": "just-1.42.4",
      "pname": "just",
      "rev": "d7600c775f877cd87b4f5a831c28aa94137377aa",
      "rev_count": 854036,
      "rev_date": "2025-08-30T08:25:00Z",
      "scrape_date": "2025-08-31T03:52:56.278512Z",
      "stabilities": [
        "unstable"
      ],
      "unfree": false,
      "version": "1.42.4",
      "outputs_to_install": [
        "man",
        "out"
      ],
      "outputs": {
        "doc": "/nix/store/k995237q4xi65l31frjj5nsv66hk0nd4-just-1.42.4-doc",
        "man": "/nix/store/zb9iygav9lrahv66yg3knwhhwbfgc3ds-just-1.42.4-man",
        "out": "/nix/store/7i77iqa2rdg13ly0pnjr717qvlkckdzw-just-1.42.4"
      },
      "system": "x86_64-linux",
      "group": "toplevel",
      "priority": 5
    },
    {
      "attr_path": "uv",
      "broken": false,
      "derivation": "/nix/store/g2kfc67p7fg7q5zpri6432d36ak1bsj3-uv-0.8.6.drv",
      "description": "Extremely fast Python package installer and resolver, written in Rust",
      "install_id": "uv",
      "license": "[ Apache-2.0, MIT ]",
      "locked_url": "https://github.com/flox/nixpkgs?rev=d7600c775f877cd87b4f5a831c28aa94137377aa",
      "name": "uv-0.8.6",
      "pname": "uv",
      "rev": "d7600c775f877cd87b4f5a831c28aa94137377aa",
      "rev_count": 854036,
      "rev_date": "2025-08-30T08:25:00Z",
      "scrape_date": "2025-08-31T03:30:14.661960Z",
      "stabilities": [
        "unstable"
      ],
      "unfree": false,
      "version": "0.8.6",
      "outputs_to_install": [
        "out"
      ],
      "outputs": {
        "out": "/nix/store/hxazvw40v90nic1yjx23cdkj6hqqlywa-uv-0.8.6"
      },
      "system": "aarch64-darwin",
      "group": "toplevel",
      "priority": 5
    },
    {
      "attr_path": "uv",
      "broken": false,
      "derivation": "/nix/store/5m6laj37dkg7jpxmr69dnb3q2m422d1a-uv-0.8.6.drv",
      "description": "Extremely fast Python package installer and resolver, written in Rust",
      "install_id": "uv",
      "license": "[ Apache-2.0, MIT ]",
      "locked_url": "https://github.com/flox/nixpkgs?rev=d7600c775f877cd87b4f5a831c28aa94137377aa",
      "name": "uv-0.8.6",
      "pname": "uv",
      "rev": "d7600c775f877cd87b4f5a831c28aa94137377aa",
      "rev_count": 854036,
      "rev_date": "2025-08-30T08:25:00Z",
      "scrape_date": "2025-08-31T03:39:23.192130Z",
      "stabilities": [
        "unstable"
      ],
      "unfree": false,
      "version": "0.8.6",
      "outputs_to_install": [
        "out"
      ],
      "outputs": {
        "out": "/nix/store/li6y1v2mjj30fd5prwkawidq5lcn9ja9-uv-0.8.6"
      },
      "system": "aarch64-linux",
      "group": "toplevel",
      "priority": 5
    },
    {
      "attr_path": "uv",
      "broken": false,
      "derivation": "/nix/store/324hhmwqzqphn6vq37i4zkv3glamr2vg-uv-0.8.6.drv",
      "description": "Extremely fast Python package installer and resolver, written in Rust",
      "install_id": "uv",
      "license": "[ Apache-2.0, MIT ]",
      "locked_url": "https://github.com/flox/nixpkgs?rev=d7600c775f877cd87b4f5a831c28aa94137377aa",
      "name": "uv-0.8.6",
      "pname": "uv",
      "rev": "d7600c775f877cd87b4f5a831c28aa94137377aa",
      "rev_count": 854036,
      "rev_date": "2025-08-30T08:25:00Z",
      "scrape_date": "2025-08-31T03:46:54.123267Z",
      "stabilities": [
        "unstable"
      ],
      "unfree": false,
      "version": "0.8.6",
      "outputs_to_install": [
        "out"
      ],
      "outputs": {
        "out": "/nix/store/l37rdvvgc46jpydmyrwlxfhrslbfcnpm-uv-0.8.6"
      },
      "system": "x86_64-darwin",
      "group": "toplevel",
      "priority": 5
    },
    {
      "attr_path": "uv",
      "broken": false,
      "derivation": "/nix/store/fsv3g2p4y7c04678a0bpk6yparh2ysb7-uv-0.8.6.drv",
      "description": "Extremely fast Python package installer and resolver, written in Rust",
      "install_id": "uv",
      "license": "[ Apache-2.0, MIT ]",
      "locked_url": "https://github.com/flox/nixpkgs?rev=d7600c775f877cd87b4f5a831c28aa94137377aa",
      "name": "uv-0.8.6",
      "pname": "uv",
      "rev": "d7600c775f877cd87b4f5a831c28aa94137377aa",
      "rev_count": 854036,
      "rev_date": "2025-08-30T08:25:00Z",
      "scrape_date": "2025-08-31T03:54:59.318915Z",
      "stabilities": [
        "unstable"
      ],
      "unfree": false,
      "version": "0.8.6",
      "outputs_to_install": [
        "out"
      ],
      "outputs": {
        "out": "/nix/store/hxvcjq4a053l4gm8asl4ynjyhlz2azib-uv-0.8.6"
      },
      "system": "x86_64-linux",
      "group": "toplevel",
      "priority": 5
    }
  ]
}