{
  "lockfile-version": 1,
  "manifest": {
    "version": 1,
    "install": {
      "just": {
        "pkg-path": "just"
      },
      "uv": {
        "pkg-path": "uv"
      }
    },
    "vars": {
      "UV_VENV_CLEAR": "1"
    },
    "hook": {
      "on-activate": "  # -> Set variables, create files and directories\n  # -> Perform initialization steps, e.g. create a python venv\n  # -> Useful environment variables:\n  #      - FLOX_ENV_PROJECT=/home/user/example\n  #      - FLOX_ENV=/home/user/example/.flox/run\n  #      - FLOX_ENV_CACHE=/home/user/example/.flox/cache\n\nuv venv\nsource \"${FLOX_ENV_PROJECT}/.venv/bin/activate\"\n"
    },
    "profile": {},
    "options": {
      "systems": [
        "aarch64-darwin",
        "aarch64-linux",
        "x86_64-darwin",
        "x86_64-linux"
      ]
    }
  },
  "packages": [
    {
      "attr_path": "just",
      "broken": false,
      "derivation": "/nix/store/x0q8d9gvg2ll21bbv7ll5zgm5mn6a3av-just-1.42.4.drv",
      "description": "Handy way to save and run project-specific commands",
      "install_id": "just",
      "license": "CC0-1.0",
      "locked_url": "https://github.com/flox/nixpkgs?rev=85dbfc7aaf52ecb755f87e577ddbe6dbbdbc1054",
      "name": "just-1.42.4",
      "pname": "just",
      "rev": "85dbfc7aaf52ecb755f87e577ddbe6dbbdbc1054",
      "rev_count": 841808,
      "rev_date": "2025-08-09T07:48:19Z",
      "scrape_date": "2025-08-11T00:19:43.858194Z",
      "stabilities": [
        "unstable"
      ],
      "unfree": false,
      "version": "1.42.4",
      "outputs_to_install": [
        "man",
        "out"
      ],
      "outputs": {
        "doc": "/nix/store/pq9fksdkn6sbq3lli4z5y37085d5l43d-just-1.42.4-doc",
        "man": "/nix/store/gih21nbjpx4ip4d4l2h0g3hi6664k147-just-1.42.4-man",
        "out": "/nix/store/rfqsf7a8dym7bxd8bjfhndnmx7gvbgph-just-1.42.4"
      },
      "system": "aarch64-darwin",
      "group": "toplevel",
      "priority": 5
    },
    {
      "attr_path": "just",
      "broken": false,
      "derivation": "/nix/store/3rc7i8ba8f14qiypgjwm8z5872lac63d-just-1.42.4.drv",
      "description": "Handy way to save and run project-specific commands",
      "install_id": "just",
      "license": "CC0-1.0",
      "locked_url": "https://github.com/flox/nixpkgs?rev=85dbfc7aaf52ecb755f87e577ddbe6dbbdbc1054",
      "name": "just-1.42.4",
      "pname": "just",
      "rev": "85dbfc7aaf52ecb755f87e577ddbe6dbbdbc1054",
      "rev_count": 841808,
      "rev_date": "2025-08-09T07:48:19Z",
      "scrape_date": "2025-08-11T19:29:31.127784Z",
      "stabilities": [
        "unstable"
      ],
      "unfree": false,
      "version": "1.42.4",
      "outputs_to_install": [
        "man",
        "out"
      ],
      "outputs": {
        "doc": "/nix/store/z7vj1b56v3z7i64r20aa8y61ayqppqfp-just-1.42.4-doc",
        "man": "/nix/store/83901a2c4v4cgv1b2kx7l6m9wd174sp8-just-1.42.4-man",
        "out": "/nix/store/8xcqlacbwjfz518ca5hgjrf8208wjp8g-just-1.42.4"
      },
      "system": "aarch64-linux",
      "group": "toplevel",
      "priority": 5
    },
    {
      "attr_path": "just",
      "broken": false,
      "derivation": "/nix/store/00f3mk0y4g4gvnd4z77lfppay5fk9pbg-just-1.42.4.drv",
      "description": "Handy way to save and run project-specific commands",
      "install_id": "just",
      "license": "CC0-1.0",
      "locked_url": "https://github.com/flox/nixpkgs?rev=85dbfc7aaf52ecb755f87e577ddbe6dbbdbc1054",
      "name": "just-1.42.4",
      "pname": "just",
      "rev": "85dbfc7aaf52ecb755f87e577ddbe6dbbdbc1054",
      "rev_count": 841808,
      "rev_date": "2025-08-09T07:48:19Z",
      "scrape_date": "2025-08-11T20:31:46.738705Z",
      "stabilities": [
        "unstable"
      ],
      "unfree": false,
      "version": "1.42.4",
      "outputs_to_install": [
        "man",
        "out"
      ],
      "outputs": {
        "doc": "/nix/store/cbqy754s1xm921iw2gg97pmg9q6n7nd5-just-1.42.4-doc",
        "man": "/nix/store/1xj03nldjkkhgkih64iyakgfdj6pxwrx-just-1.42.4-man",
        "out": "/nix/store/xv86najr5k1r4fvg6yf8ha3m8b6bhdbj-just-1.42.4"
      },
      "system": "x86_64-darwin",
      "group": "toplevel",
      "priority": 5
    },
    {
      "attr_path": "just",
      "broken": false,
      "derivation": "/nix/store/cllaiwzjbajg20mjmvjnxivhgzmj62zk-just-1.42.4.drv",
      "description": "Handy way to save and run project-specific commands",
      "install_id": "just",
      "license": "CC0-1.0",
      "locked_url": "https://github.com/flox/nixpkgs?rev=85dbfc7aaf52ecb755f87e577ddbe6dbbdbc1054",
      "name": "just-1.42.4",
      "pname": "just",
      "rev": "85dbfc7aaf52ecb755f87e577ddbe6dbbdbc1054",
      "rev_count": 841808,
      "rev_date": "2025-08-09T07:48:19Z",
      "scrape_date": "2025-08-11T21:44:37.354907Z",
      "stabilities": [
        "unstable"
      ],
      "unfree": false,
      "version": "1.42.4",
      "outputs_to_install": [
        "man",
        "out"
      ],
      "outputs": {
        "doc": "/nix/store/h5p6n1hg051hjs02jwlvbndlmx73nj45-just-1.42.4-doc",
        "man": "/nix/store/bhry505vmc1rfpnr9yn1486488nsbpsg-just-1.42.4-man",
        "out": "/nix/store/wnbn0xb6mzzbl594d51hqqvch1lnzhpb-just-1.42.4"
      },
      "system": "x86_64-linux",
      "group": "toplevel",
      "priority": 5
    },
    {
      "attr_path": "uv",
      "broken": false,
      "derivation": "/nix/store/rhn7jhy9gmg19rqsphqj644hz6ybdnjq-uv-0.8.2.drv",
      "description": "Extremely fast Python package installer and resolver, written in Rust",
      "install_id": "uv",
      "license": "[ Apache-2.0, MIT ]",
      "locked_url": "https://github.com/flox/nixpkgs?rev=85dbfc7aaf52ecb755f87e577ddbe6dbbdbc1054",
      "name": "uv-0.8.2",
      "pname": "uv",
      "rev": "85dbfc7aaf52ecb755f87e577ddbe6dbbdbc1054",
      "rev_count": 841808,
      "rev_date": "2025-08-09T07:48:19Z",
      "scrape_date": "2025-08-11T00:20:44.022357Z",
      "stabilities": [
        "unstable"
      ],
      "unfree": false,
      "version": "0.8.2",
      "outputs_to_install": [
        "out"
      ],
      "outputs": {
        "out": "/nix/store/db9y1b002zlnyjgpsnbl9hvlwsiqajl4-uv-0.8.2"
      },
      "system": "aarch64-darwin",
      "group": "toplevel",
      "priority": 5
    },
    {
      "attr_path": "uv",
      "broken": false,
      "derivation": "/nix/store/knnv1wc9r7slfyx367sdlyyz8r4sy7r6-uv-0.8.2.drv",
      "description": "Extremely fast Python package installer and resolver, written in Rust",
      "install_id": "uv",
      "license": "[ Apache-2.0, MIT ]",
      "locked_url": "https://github.com/flox/nixpkgs?rev=85dbfc7aaf52ecb755f87e577ddbe6dbbdbc1054",
      "name": "uv-0.8.2",
      "pname": "uv",
      "rev": "85dbfc7aaf52ecb755f87e577ddbe6dbbdbc1054",
      "rev_count": 841808,
      "rev_date": "2025-08-09T07:48:19Z",
      "scrape_date": "2025-08-11T19:31:29.982937Z",
      "stabilities": [
        "unstable"
      ],
      "unfree": false,
      "version": "0.8.2",
      "outputs_to_install": [
        "out"
      ],
      "outputs": {
        "out": "/nix/store/bdps6h2gn2rysavc3cq2slqnjlsyyk03-uv-0.8.2"
      },
      "system": "aarch64-linux",
      "group": "toplevel",
      "priority": 5
    },
    {
      "attr_path": "uv",
      "broken": false,
      "derivation": "/nix/store/50fr7pg0vf9s8x360ddk5pv5hkr1j17i-uv-0.8.2.drv",
      "description": "Extremely fast Python package installer and resolver, written in Rust",
      "install_id": "uv",
      "license": "[ Apache-2.0, MIT ]",
      "locked_url": "https://github.com/flox/nixpkgs?rev=85dbfc7aaf52ecb755f87e577ddbe6dbbdbc1054",
      "name": "uv-0.8.2",
      "pname": "uv",
      "rev": "85dbfc7aaf52ecb755f87e577ddbe6dbbdbc1054",
      "rev_count": 841808,
      "rev_date": "2025-08-09T07:48:19Z",
      "scrape_date": "2025-08-11T20:33:03.772894Z",
      "stabilities": [
        "unstable"
      ],
      "unfree": false,
      "version": "0.8.2",
      "outputs_to_install": [
        "out"
      ],
      "outputs": {
        "out": "/nix/store/91g6383zq1wbiik2an7g6yfrj294c19v-uv-0.8.2"
      },
      "system": "x86_64-darwin",
      "group": "toplevel",
      "priority": 5
    },
    {
      "attr_path": "uv",
      "broken": false,
      "derivation": "/nix/store/z5cy5l307s6b8wsmf4l3fmlp0lxigd8f-uv-0.8.2.drv",
      "description": "Extremely fast Python package installer and resolver, written in Rust",
      "install_id": "uv",
      "license": "[ Apache-2.0, MIT ]",
      "locked_url": "https://github.com/flox/nixpkgs?rev=85dbfc7aaf52ecb755f87e577ddbe6dbbdbc1054",
      "name": "uv-0.8.2",
      "pname": "uv",
      "rev": "85dbfc7aaf52ecb755f87e577ddbe6dbbdbc1054",
      "rev_count": 841808,
      "rev_date": "2025-08-09T07:48:19Z",
      "scrape_date": "2025-08-11T21:46:56.607046Z",
      "stabilities": [
        "unstable"
      ],
      "unfree": false,
      "version": "0.8.2",
      "outputs_to_install": [
        "out"
      ],
      "outputs": {
        "out": "/nix/store/swq8qrr7n5gkc1b4940q62a3ll52prgl-uv-0.8.2"
      },
      "system": "x86_64-linux",
      "group": "toplevel",
      "priority": 5
    }
  ]
}