{
  "lockfile-version": 1,
  "manifest": {
    "version": 1,
    "install": {
      "just": {
        "pkg-path": "just"
      },
      "uv": {
        "pkg-path": "uv"
      }
    },
    "vars": {
      "UV_VENV_CLEAR": "1"
    },
    "hook": {
      "on-activate": "  # -> Set variables, create files and directories\n  # -> Perform initialization steps, e.g. create a python venv\n  # -> Useful environment variables:\n  #      - FLOX_ENV_PROJECT=/home/user/example\n  #      - FLOX_ENV=/home/user/example/.flox/run\n  #      - FLOX_ENV_CACHE=/home/user/example/.flox/cache\n\nuv venv\nsource \"${FLOX_ENV_PROJECT}/.venv/bin/activate\"\n"
    },
    "profile": {},
    "options": {
      "systems": [
        "aarch64-darwin",
        "aarch64-linux",
        "x86_64-darwin",
        "x86_64-linux"
      ]
    }
  },
  "packages": [
    {
      "attr_path": "just",
      "broken": false,
      "derivation": "/nix/store/wqisryfhn6sf52za791hr7xch738683a-just-1.42.4.drv",
      "description": "Handy way to save and run project-specific commands",
      "install_id": "just",
      "license": "CC0-1.0",
      "locked_url": "https://github.com/flox/nixpkgs?rev=005433b926e16227259a1843015b5b2b7f7d1fc3",
      "name": "just-1.42.4",
      "pname": "just",
      "rev": "005433b926e16227259a1843015b5b2b7f7d1fc3",
      "rev_count": 843472,
      "rev_date": "2025-08-12T19:39:21Z",
      "scrape_date": "2025-08-14T00:26:13.389708Z",
      "stabilities": [
        "unstable"
      ],
      "unfree": false,
      "version": "1.42.4",
      "outputs_to_install": [
        "man",
        "out"
      ],
      "outputs": {
        "doc": "/nix/store/pq9fksdkn6sbq3lli4z5y37085d5l43d-just-1.42.4-doc",
        "man": "/nix/store/gih21nbjpx4ip4d4l2h0g3hi6664k147-just-1.42.4-man",
        "out": "/nix/store/rfqsf7a8dym7bxd8bjfhndnmx7gvbgph-just-1.42.4"
      },
      "system": "aarch64-darwin",
      "group": "toplevel",
      "priority": 5
    },
    {
      "attr_path": "just",
      "broken": false,
      "derivation": "/nix/store/mf8sg9f7jfqsq5ifdw752kn6v3m1y91v-just-1.42.4.drv",
      "description": "Handy way to save and run project-specific commands",
      "install_id": "just",
      "license": "CC0-1.0",
      "locked_url": "https://github.com/flox/nixpkgs?rev=005433b926e16227259a1843015b5b2b7f7d1fc3",
      "name": "just-1.42.4",
      "pname": "just",
      "rev": "005433b926e16227259a1843015b5b2b7f7d1fc3",
      "rev_count": 843472,
      "rev_date": "2025-08-12T19:39:21Z",
      "scrape_date": "2025-08-14T01:59:41.634438Z",
      "stabilities": [
        "unstable"
      ],
      "unfree": false,
      "version": "1.42.4",
      "outputs_to_install": [
        "man",
        "out"
      ],
      "outputs": {
        "doc": "/nix/store/z7vj1b56v3z7i64r20aa8y61ayqppqfp-just-1.42.4-doc",
        "man": "/nix/store/83901a2c4v4cgv1b2kx7l6m9wd174sp8-just-1.42.4-man",
        "out": "/nix/store/8xcqlacbwjfz518ca5hgjrf8208wjp8g-just-1.42.4"
      },
      "system": "aarch64-linux",
      "group": "toplevel",
      "priority": 5
    },
    {
      "attr_path": "just",
      "broken": false,
      "derivation": "/nix/store/y0njpr6g2r7rfsd6hvb60b97l02bh7gl-just-1.42.4.drv",
      "description": "Handy way to save and run project-specific commands",
      "install_id": "just",
      "license": "CC0-1.0",
      "locked_url": "https://github.com/flox/nixpkgs?rev=005433b926e16227259a1843015b5b2b7f7d1fc3",
      "name": "just-1.42.4",
      "pname": "just",
      "rev": "005433b926e16227259a1843015b5b2b7f7d1fc3",
      "rev_count": 843472,
      "rev_date": "2025-08-12T19:39:21Z",
      "scrape_date": "2025-08-14T02:32:17.633063Z",
      "stabilities": [
        "unstable"
      ],
      "unfree": false,
      "version": "1.42.4",
      "outputs_to_install": [
        "man",
        "out"
      ],
      "outputs": {
        "doc": "/nix/store/cbqy754s1xm921iw2gg97pmg9q6n7nd5-just-1.42.4-doc",
        "man": "/nix/store/1xj03nldjkkhgkih64iyakgfdj6pxwrx-just-1.42.4-man",
        "out": "/nix/store/xv86najr5k1r4fvg6yf8ha3m8b6bhdbj-just-1.42.4"
      },
      "system": "x86_64-darwin",
      "group": "toplevel",
      "priority": 5
    },
    {
      "attr_path": "just",
      "broken": false,
      "derivation": "/nix/store/ngn8fq25qbfa8nk88vwyp8gbrc78g2n2-just-1.42.4.drv",
      "description": "Handy way to save and run project-specific commands",
      "install_id": "just",
      "license": "CC0-1.0",
      "locked_url": "https://github.com/flox/nixpkgs?rev=005433b926e16227259a1843015b5b2b7f7d1fc3",
      "name": "just-1.42.4",
      "pname": "just",
      "rev": "005433b926e16227259a1843015b5b2b7f7d1fc3",
      "rev_count": 843472,
      "rev_date": "2025-08-12T19:39:21Z",
      "scrape_date": "2025-08-14T03:13:28.694403Z",
      "stabilities": [
        "unstable"
      ],
      "unfree": false,
      "version": "1.42.4",
      "outputs_to_install": [
        "man",
        "out"
      ],
      "outputs": {
        "doc": "/nix/store/h5p6n1hg051hjs02jwlvbndlmx73nj45-just-1.42.4-doc",
        "man": "/nix/store/bhry505vmc1rfpnr9yn1486488nsbpsg-just-1.42.4-man",
        "out": "/nix/store/wnbn0xb6mzzbl594d51hqqvch1lnzhpb-just-1.42.4"
      },
      "system": "x86_64-linux",
      "group": "toplevel",
      "priority": 5
    },
    {
      "attr_path": "uv",
      "broken": false,
      "derivation": "/nix/store/r73cws9f03q1bb6yiynf7cydq620r7hw-uv-0.8.2.drv",
      "description": "Extremely fast Python package installer and resolver, written in Rust",
      "install_id": "uv",
      "license": "[ Apache-2.0, MIT ]",
      "locked_url": "https://github.com/flox/nixpkgs?rev=005433b926e16227259a1843015b5b2b7f7d1fc3",
      "name": "uv-0.8.2",
      "pname": "uv",
      "rev": "005433b926e16227259a1843015b5b2b7f7d1fc3",
      "rev_count": 843472,
      "rev_date": "2025-08-12T19:39:21Z",
      "scrape_date": "2025-08-14T00:27:16.729256Z",
      "stabilities": [
        "unstable"
      ],
      "unfree": false,
      "version": "0.8.2",
      "outputs_to_install": [
        "out"
      ],
      "outputs": {
        "out": "/nix/store/db9y1b002zlnyjgpsnbl9hvlwsiqajl4-uv-0.8.2"
      },
      "system": "aarch64-darwin",
      "group": "toplevel",
      "priority": 5
    },
    {
      "attr_path": "uv",
      "broken": false,
      "derivation": "/nix/store/h31r5jskn5fjad9xffsagc30kb0pxxar-uv-0.8.2.drv",
      "description": "Extremely fast Python package installer and resolver, written in Rust",
      "install_id": "uv",
      "license": "[ Apache-2.0, MIT ]",
      "locked_url": "https://github.com/flox/nixpkgs?rev=005433b926e16227259a1843015b5b2b7f7d1fc3",
      "name": "uv-0.8.2",
      "pname": "uv",
      "rev": "005433b926e16227259a1843015b5b2b7f7d1fc3",
      "rev_count": 843472,
      "rev_date": "2025-08-12T19:39:21Z",
      "scrape_date": "2025-08-14T02:01:44.564146Z",
      "stabilities": [
        "unstable"
      ],
      "unfree": false,
      "version": "0.8.2",
      "outputs_to_install": [
        "out"
      ],
      "outputs": {
        "out": "/nix/store/bdps6h2gn2rysavc3cq2slqnjlsyyk03-uv-0.8.2"
      },
      "system": "aarch64-linux",
      "group": "toplevel",
      "priority": 5
    },
    {
      "attr_path": "uv",
      "broken": false,
      "derivation": "/nix/store/9fc1gmai85rmaiaj91kj348pgapv6fzy-uv-0.8.2.drv",
      "description": "Extremely fast Python package installer and resolver, written in Rust",
      "install_id": "uv",
      "license": "[ Apache-2.0, MIT ]",
      "locked_url": "https://github.com/flox/nixpkgs?rev=005433b926e16227259a1843015b5b2b7f7d1fc3",
      "name": "uv-0.8.2",
      "pname": "uv",
      "rev": "005433b926e16227259a1843015b5b2b7f7d1fc3",
      "rev_count": 843472,
      "rev_date": "2025-08-12T19:39:21Z",
      "scrape_date": "2025-08-14T02:33:35.880116Z",
      "stabilities": [
        "unstable"
      ],
      "unfree": false,
      "version": "0.8.2",
      "outputs_to_install": [
        "out"
      ],
      "outputs": {
        "out": "/nix/store/91g6383zq1wbiik2an7g6yfrj294c19v-uv-0.8.2"
      },
      "system": "x86_64-darwin",
      "group": "toplevel",
      "priority": 5
    },
    {
      "attr_path": "uv",
      "broken": false,
      "derivation": "/nix/store/yjph3bdnhgzkbnr0a2qhzz3wbspiimpw-uv-0.8.2.drv",
      "description": "Extremely fast Python package installer and resolver, written in Rust",
      "install_id": "uv",
      "license": "[ Apache-2.0, MIT ]",
      "locked_url": "https://github.com/flox/nixpkgs?rev=005433b926e16227259a1843015b5b2b7f7d1fc3",
      "name": "uv-0.8.2",
      "pname": "uv",
      "rev": "005433b926e16227259a1843015b5b2b7f7d1fc3",
      "rev_count": 843472,
      "rev_date": "2025-08-12T19:39:21Z",
      "scrape_date": "2025-08-14T03:15:39.576767Z",
      "stabilities": [
        "unstable"
      ],
      "unfree": false,
      "version": "0.8.2",
      "outputs_to_install": [
        "out"
      ],
      "outputs": {
        "out": "/nix/store/swq8qrr7n5gkc1b4940q62a3ll52prgl-uv-0.8.2"
      },
      "system": "x86_64-linux",
      "group": "toplevel",
      "priority": 5
    }
  ]
}